{
  "name": "Team-Profile-Generator",
  "version": "1.0.0",
  "lockfileVersion": 3,
  "requires": true,
  "author": "",
  "description": "Module 12's Challenge",
  "license": "ISC",
  "main": "index.js",
  "packages": {},
  "directories": {
    "lib": "lib"
  },
  "scripts": {
    "test": "jest --verbose test"
  }
}
